// !$*UTF8*$!
{
	archiveVersion = 1;
	classes = {
	};
	objectVersion = 46;
	objects = {

/* Begin PBXBuildFile section */
		418FB7831C5B45C4002BA1E0 /* main.m in Sources */ = {isa = PBXBuildFile; fileRef = 418FB7821C5B45C4002BA1E0 /* main.m */; };
		418FB78B1C5B45EB002BA1E0 /* LXJObject.m in Sources */ = {isa = PBXBuildFile; fileRef = 418FB78A1C5B45EB002BA1E0 /* LXJObject.m */; };
		418FB78E1C5B57FB002BA1E0 /* LXJObject+Category.m in Sources */ = {isa = PBXBuildFile; fileRef = 418FB78D1C5B57FB002BA1E0 /* LXJObject+Category.m */; };
/* End PBXBuildFile section */

/* Begin PBXCopyFilesBuildPhase section */
		418FB77D1C5B45C4002BA1E0 /* CopyFiles */ = {
			isa = PBXCopyFilesBuildPhase;
			buildActionMask = 2147483647;
			dstPath = /usr/share/man/man1/;
			dstSubfolderSpec = 0;
			files = (
			);
			runOnlyForDeploymentPostprocessing = 1;
		};
/* End PBXCopyFilesBuildPhase section */

/* Begin PBXFileReference section */
		418FB77F1C5B45C4002BA1E0 /* RuntimeDemo */ = {isa = PBXFileReference; explicitFileType = "compiled.mach-o.executable"; includeInIndex = 0; path = RuntimeDemo; sourceTree = BUILT_PRODUCTS_DIR; };
		418FB7821C5B45C4002BA1E0 /* main.m */ = {isa = PBXFileReference; lastKnownFileType = sourcecode.c.objc; path = main.m; sourceTree = "<group>"; };
		418FB7891C5B45EB002BA1E0 /* LXJObject.h */ = {isa = PBXFileReference; fileEncoding = 4; lastKnownFileType = sourcecode.c.h; path = LXJObject.h; sourceTree = "<group>"; };
		418FB78A1C5B45EB002BA1E0 /* LXJObject.m */ = {isa = PBXFileReference; fileEncoding = 4; lastKnownFileType = sourcecode.c.objc; path = LXJObject.m; sourceTree = "<group>"; };
		418FB78C1C5B57FB002BA1E0 /* LXJObject+Category.h */ = {isa = PBXFileReference; fileEncoding = 4; lastKnownFileType = sourcecode.c.h; path = "LXJObject+Category.h"; sourceTree = "<group>"; };
		418FB78D1C5B57FB002BA1E0 /* LXJObject+Category.m */ = {isa = PBXFileReference; fileEncoding = 4; lastKnownFileType = sourcecode.c.objc; path = "LXJObject+Category.m"; sourceTree = "<group>"; };
/* End PBXFileReference section */

/* Begin PBXFrameworksBuildPhase section */
		418FB77C1C5B45C4002BA1E0 /* Frameworks */ = {
			isa = PBXFrameworksBuildPhase;
			buildActionMask = 2147483647;
			files = (
			);
			runOnlyForDeploymentPostprocessing = 0;
		};
/* End PBXFrameworksBuildPhase section */

/* Begin PBXGroup section */
		418FB7761C5B45C4002BA1E0 = {
			isa = PBXGroup;
			children = (
				418FB7811C5B45C4002BA1E0 /* RuntimeDemo */,
				418FB7801C5B45C4002BA1E0 /* Products */,
			);
			sourceTree = "<group>";
		};
		418FB7801C5B45C4002BA1E0 /* Products */ = {
			isa = PBXGroup;
			children = (
				418FB77F1C5B45C4002BA1E0 /* RuntimeDemo */,
			);
			name = Products;
			sourceTree = "<group>";
		};
		418FB7811C5B45C4002BA1E0 /* RuntimeDemo */ = {
			isa = PBXGroup;
			children = (
				418FB7821C5B45C4002BA1E0 /* main.m */,
				418FB7891C5B45EB002BA1E0 /* LXJObject.h */,
				418FB78A1C5B45EB002BA1E0 /* LXJObject.m */,
				418FB78C1C5B57FB002BA1E0 /* LXJObject+Category.h */,
				418FB78D1C5B57FB002BA1E0 /* LXJObject+Category.m */,
			);
			path = RuntimeDemo;
			sourceTree = "<group>";
		};
/* End PBXGroup section */

/* Begin PBXNativeTarget section */
		418FB77E1C5B45C4002BA1E0 /* RuntimeDemo */ = {
			isa = PBXNativeTarget;
			buildConfigurationList = 418FB7861C5B45C4002BA1E0 /* Build configuration list for PBXNativeTarget "RuntimeDemo" */;
			buildPhases = (
				418FB77B1C5B45C4002BA1E0 /* Sources */,
				418FB77C1C5B45C4002BA1E0 /* Frameworks */,
				418FB77D1C5B45C4002BA1E0 /* CopyFiles */,
			);
			buildRules = (
			);
			dependencies = (
			);
			name = RuntimeDemo;
			productName = RuntimeDemo;
			productReference = 418FB77F1C5B45C4002BA1E0 /* RuntimeDemo */;
			productType = "com.apple.product-type.tool";
		};
/* End PBXNativeTarget section */

/* Begin PBXProject section */
		418FB7771C5B45C4002BA1E0 /* Project object */ = {
			isa = PBXProject;
			attributes = {
				LastUpgradeCheck = 0720;
				ORGANIZATIONNAME = LXJ;
				TargetAttributes = {
					418FB77E1C5B45C4002BA1E0 = {
						CreatedOnToolsVersion = 7.2;
					};
				};
			};
			buildConfigurationList = 418FB77A1C5B45C4002BA1E0 /* Build configuration list for PBXProject "RuntimeDemo" */;
			compatibilityVersion = "Xcode 3.2";
			developmentRegion = English;
			hasScannedForEncodings = 0;
			knownRegions = (
				en,
			);
			mainGroup = 418FB7761C5B45C4002BA1E0;
			productRefGroup = 418FB7801C5B45C4002BA1E0 /* Products */;
			projectDirPath = "";
			projectRoot = "";
			targets = (
				418FB77E1C5B45C4002BA1E0 /* RuntimeDemo */,
			);
		};
/* End PBXProject section */

/* Begin PBXSourcesBuildPhase section */
		418FB77B1C5B45C4002BA1E0 /* Sources */ = {
			isa = PBXSourcesBuildPhase;
			buildActionMask = 2147483647;
			files = (
				418FB7831C5B45C4002BA1E0 /* main.m in Sources */,
				418FB78B1C5B45EB002BA1E0 /* LXJObject.m in Sources */,
				418FB78E1C5B57FB002BA1E0 /* LXJObject+Category.m in Sources */,
			);
			runOnlyForDeploymentPostprocessing = 0;
		};
/* End PBXSourcesBuildPhase section */

/* Begin XCBuildConfiguration section */
		418FB7841C5B45C4002BA1E0 /* Debug */ = {
			isa = XCBuildConfiguration;
			buildSettings = {
				ALWAYS_SEARCH_USER_PATHS = NO;
				CLANG_CXX_LANGUAGE_STANDARD = "gnu++0x";
				CLANG_CXX_LIBRARY = "libc++";
				CLANG_ENABLE_MODULES = YES;
				CLANG_ENABLE_OBJC_ARC = YES;
				CLANG_WARN_BOOL_CONVERSION = YES;
				CLANG_WARN_CONSTANT_CONVERSION = YES;
				CLANG_WARN_DIRECT_OBJC_ISA_USAGE = YES_ERROR;
				CLANG_WARN_EMPTY_BODY = YES;
				CLANG_WARN_ENUM_CONVERSION = YES;
				CLANG_WARN_INT_CONVERSION = YES;
				CLANG_WARN_OBJC_ROOT_CLASS = YES_ERROR;
				CLANG_WARN_UNREACHABLE_CODE = YES;
				CLANG_WARN__DUPLICATE_METHOD_MATCH = YES;
				CODE_SIGN_IDENTITY = "-";
				COPY_PHASE_STRIP = NO;
				DEBUG_INFORMATION_FORMAT = dwarf;
				ENABLE_STRICT_OBJC_MSGSEND = YES;
				ENABLE_TESTABILITY = YES;
				GCC_C_LANGUAGE_STANDARD = gnu99;
				GCC_DYNAMIC_NO_PIC = NO;
				GCC_NO_COMMON_BLOCKS = YES;
				GCC_OPTIMIZATION_LEVEL = 0;
				GCC_PREPROCESSOR_DEFINITIONS = (
					"DEBUG=1",
					"$(inherited)",
				);
				GCC_WARN_64_TO_32_BIT_CONVERSION = YES;
				GCC_WARN_ABOUT_RETURN_TYPE = YES_ERROR;
				GCC_WARN_UNDECLARED_SELECTOR = YES;
				GCC_WARN_UNINITIALIZED_AUTOS = YES_AGGRESSIVE;
				GCC_WARN_UNUSED_FUNCTION = YES;
				GCC_WARN_UNUSED_VARIABLE = YES;
				MACOSX_DEPLOYMENT_TARGET = 10.11;
				MTL_ENABLE_DEBUG_INFO = YES;
				ONLY_ACTIVE_ARCH = YES;
				SDKROOT = macosx;
			};
			name = Debug;
		};
		418FB7851C5B45C4002BA1E0 /* Release */ = {
			isa = XCBuildConfiguration;
			buildSettings = {
				ALWAYS_SEARCH_USER_PATHS = NO;
				CLANG_CXX_LANGUAGE_STANDARD = "gnu++0x";
				CLANG_CXX_LIBRARY = "libc++";
				CLANG_ENABLE_MODULES = YES;
				CLANG_ENABLE_OBJC_ARC = YES;
				CLANG_WARN_BOOL_CONVERSION = YES;
				CLANG_WARN_CONSTANT_CONVERSION = YES;
				CLANG_WARN_DIRECT_OBJC_ISA_USAGE = YES_ERROR;
				CLANG_WARN_EMPTY_BODY = YES;
				CLANG_WARN_ENUM_CONVERSION = YES;
				CLANG_WARN_INT_CONVERSION = YES;
				CLANG_WARN_OBJC_ROOT_CLASS = YES_ERROR;
				CLANG_WARN_UNREACHABLE_CODE = YES;
				CLANG_WARN__DUPLICATE_METHOD_MATCH = YES;
				CODE_SIGN_IDENTITY = "-";
				COPY_PHASE_STRIP = NO;
				DEBUG_INFORMATION_FORMAT = "dwarf-with-dsym";
				ENABLE_NS_ASSERTIONS = NO;
				ENABLE_STRICT_OBJC_MSGSEND = YES;
				GCC_C_LANGUAGE_STANDARD = gnu99;
				GCC_NO_COMMON_BLOCKS = YES;
				GCC_WARN_64_TO_32_BIT_CONVERSION = YES;
				GCC_WARN_ABOUT_RETURN_TYPE = YES_ERROR;
				GCC_WARN_UNDECLARED_SELECTOR = YES;
				GCC_WARN_UNINITIALIZED_AUTOS = YES_AGGRESSIVE;
				GCC_WARN_UNUSED_FUNCTION = YES;
				GCC_WARN_UNUSED_VARIABLE = YES;
				MACOSX_DEPLOYMENT_TARGET = 10.11;
				MTL_ENABLE_DEBUG_INFO = NO;
				SDKROOT = macosx;
			};
			name = Release;
		};
		418FB7871C5B45C4002BA1E0 /* Debug */ = {
			isa = XCBuildConfiguration;
			buildSettings = {
				PRODUCT_NAME = "$(TARGET_NAME)";
			};
			name = Debug;
		};
		418FB7881C5B45C4002BA1E0 /* Release */ = {
			isa = XCBuildConfiguration;
			buildSettings = {
				PRODUCT_NAME = "$(TARGET_NAME)";
			};
			name = Release;
		};
/* End XCBuildConfiguration section */

/* Begin XCConfigurationList section */
		418FB77A1C5B45C4002BA1E0 /* Build configuration list for PBXProject "RuntimeDemo" */ = {
			isa = XCConfigurationList;
			buildConfigurations = (
				418FB7841C5B45C4002BA1E0 /* Debug */,
				418FB7851C5B45C4002BA1E0 /* Release */,
			);
			defaultConfigurationIsVisible = 0;
			defaultConfigurationName = Release;
		};
		418FB7861C5B45C4002BA1E0 /* Build configuration list for PBXNativeTarget "RuntimeDemo" */ = {
			isa = XCConfigurationList;
			buildConfigurations = (
				418FB7871C5B45C4002BA1E0 /* Debug */,
				418FB7881C5B45C4002BA1E0 /* Release */,
			);
			defaultConfigurationIsVisible = 0;
			defaultConfigurationName = Release;
		};
/* End XCConfigurationList section */
	};
	rootObject = 418FB7771C5B45C4002BA1E0 /* Project object */;
}
